
Microsoft Visual Studio Solution File, Format Version 12.00
# Visual Studio Version 16
VisualStudioVersion = 16.0.31515.178
MinimumVisualStudioVersion = 10.0.40219.1
Project("{888888A0-9F3D-457C-B088-3A5042F75D52}") = "ProjectPhase3", "ProjectPhase3.pyproj", "{754D15C9-A7A6-4F5D-BA3E-FE2D81A6BA83}"
EndProject
Global
	GlobalSection(SolutionConfigurationPlatforms) = preSolution
		Debug|Any CPU = Debug|Any CPU
		Release|Any CPU = Release|Any CPU
	EndGlobalSection
	GlobalSection(ProjectConfigurationPlatforms) = postSolution
		{754D15C9-A7A6-4F5D-BA3E-FE2D81A6BA83}.Debug|Any CPU.ActiveCfg = Debug|Any CPU
		{754D15C9-A7A6-4F5D-BA3E-FE2D81A6BA83}.Release|Any CPU.ActiveCfg = Release|Any CPU
	EndGlobalSection
	GlobalSection(SolutionProperties) = preSolution
		HideSolutionNode = FALSE
	EndGlobalSection
	GlobalSection(ExtensibilityGlobals) = postSolution
		SolutionGuid = {7DB64F7C-1308-447B-936C-6805822BFCF4}
	EndGlobalSection
EndGlobal
